{
  "name": "dummy",
  "version": "1.0.0",
  "lockfileVersion": 3,
  "requires": true,
  "packages": {
    "": {
      "name": "dummy",
      "version": "1.0.0",
      "license": "ISC",
      "dependencies": {
        "calci_2004m": "^1.0.0"
      }
    },
    "node_modules/calci_2004m": {
      "version": "1.0.0",
      "resolved": "https://registry.npmjs.org/calci_2004m/-/calci_2004m-1.0.0.tgz",
      "integrity": "sha512-j/nHkahu/7yR0o04p7nGGfrYxzCuTfXMLVV3q6Ja5C236U05VyKZvxpLMVwdeFwiW9Vc9pOgi3/FoWOgIm0DSQ==",
      "license": "ISC"
    }
  }
}
